{
  "name": "wasm-debug-test",
  "version": "1.0.0",
  "lockfileVersion": 1,
  "requires": true,
  "dependencies": {
    "nan": {
      "version": "2.14.1",
      "resolved": "https://registry.npmjs.org/nan/-/nan-2.14.1.tgz",
      "integrity": "sha512-isWHgVjnFjh2x2yuJ/tj3JbwoHu3UC2dX5G/88Cm24yB6YopVgxvBObDY7n5xW6ExmFhJpSEQqFPvq9zaXc8Jw=="
    },
    "oniguruma": {
      "version": "7.2.1",
      "resolved": "https://registry.npmjs.org/oniguruma/-/oniguruma-7.2.1.tgz",
      "integrity": "sha512-WPS/e1uzhswPtJSe+Zls/kAj27+lEqZjCmRSjnYk/Z4L2Mu+lJC2JWtkZhPJe4kZeTQfz7ClcLyXlI4J68MG2w==",
      "requires": {
        "nan": "^2.14.0"
      }
    }
  }
}
